
Microsoft Visual Studio Solution File, Format Version 12.00
# Visual Studio Version 16
VisualStudioVersion = 16.0.31112.23
MinimumVisualStudioVersion = 10.0.40219.1
Project("{FAE04EC0-301F-11D3-BF4B-00C04F79EFBC}") = "Blackboard", "Blackboard\Blackboard.csproj", "{C99098BD-DFF6-4D77-A7D6-FEB6234D5B3E}"
EndProject
Global
	GlobalSection(SolutionConfigurationPlatforms) = preSolution
		Debug|Any CPU = Debug|Any CPU
		Release|Any CPU = Release|Any CPU
	EndGlobalSection
	GlobalSection(ProjectConfigurationPlatforms) = postSolution
		{C99098BD-DFF6-4D77-A7D6-FEB6234D5B3E}.Debug|Any CPU.ActiveCfg = Debug|Any CPU
		{C99098BD-DFF6-4D77-A7D6-FEB6234D5B3E}.Debug|Any CPU.Build.0 = Debug|Any CPU
		{C99098BD-DFF6-4D77-A7D6-FEB6234D5B3E}.Release|Any CPU.ActiveCfg = Release|Any CPU
		{C99098BD-DFF6-4D77-A7D6-FEB6234D5B3E}.Release|Any CPU.Build.0 = Release|Any CPU
	EndGlobalSection
	GlobalSection(SolutionProperties) = preSolution
		HideSolutionNode = FALSE
	EndGlobalSection
	GlobalSection(ExtensibilityGlobals) = postSolution
		SolutionGuid = {A0FA118B-543F-4803-B6F6-261BE769BC16}
	EndGlobalSection
EndGlobal
